
Microsoft Visual Studio Solution File, Format Version 12.00
# Visual Studio Version 17
VisualStudioVersion = 17.3.32505.426
MinimumVisualStudioVersion = 10.0.40219.1
Project("{9A19103F-16F7-4668-BE54-9A1E7A4F7556}") = "ClassLibrary1", "ClassLibrary1.csproj", "{61A6E939-0C51-43F1-B74E-CB55A7DFACDA}"
EndProject
Project("{FAE04EC0-301F-11D3-BF4B-00C04F79EFBC}") = "ClassLibrary1.Test", "..\ClassLibrary1.Test\ClassLibrary1.Test.csproj", "{19181F8F-EE20-49A9-A627-D163FB217A7B}"
EndProject
Global
	GlobalSection(SolutionConfigurationPlatforms) = preSolution
		Debug|Any CPU = Debug|Any CPU
		Release|Any CPU = Release|Any CPU
	EndGlobalSection
	GlobalSection(ProjectConfigurationPlatforms) = postSolution
		{61A6E939-0C51-43F1-B74E-CB55A7DFACDA}.Debug|Any CPU.ActiveCfg = Debug|Any CPU
		{61A6E939-0C51-43F1-B74E-CB55A7DFACDA}.Debug|Any CPU.Build.0 = Debug|Any CPU
		{61A6E939-0C51-43F1-B74E-CB55A7DFACDA}.Release|Any CPU.ActiveCfg = Release|Any CPU
		{61A6E939-0C51-43F1-B74E-CB55A7DFACDA}.Release|Any CPU.Build.0 = Release|Any CPU
		{19181F8F-EE20-49A9-A627-D163FB217A7B}.Debug|Any CPU.ActiveCfg = Debug|Any CPU
		{19181F8F-EE20-49A9-A627-D163FB217A7B}.Debug|Any CPU.Build.0 = Debug|Any CPU
		{19181F8F-EE20-49A9-A627-D163FB217A7B}.Release|Any CPU.ActiveCfg = Release|Any CPU
		{19181F8F-EE20-49A9-A627-D163FB217A7B}.Release|Any CPU.Build.0 = Release|Any CPU
	EndGlobalSection
	GlobalSection(SolutionProperties) = preSolution
		HideSolutionNode = FALSE
	EndGlobalSection
	GlobalSection(ExtensibilityGlobals) = postSolution
		SolutionGuid = {76345E6C-66AC-4E77-BBA4-1012E2976A68}
	EndGlobalSection
EndGlobal
